// !$*UTF8*$!
{
	archiveVersion = 1;
	classes = {
	};
	objectVersion = 51;
	objects = {

/* Begin PBXBuildFile section */
		05F1D6755792DE03EAFE2760 /* Pods_WeatherApp.framework in Frameworks */ = {isa = PBXBuildFile; fileRef = 785E647A3F14176AF0E61828 /* Pods_WeatherApp.framework */; };
		75DD62BBF8AFE9A83EB1CA37 /* Pods_WeatherApp_WeatherAppUITests.framework in Frameworks */ = {isa = PBXBuildFile; fileRef = 46E838CACF9D0DF391728176 /* Pods_WeatherApp_WeatherAppUITests.framework */; };
		8448C99623DB6EC60047CA67 /* AppDelegate.swift in Sources */ = {isa = PBXBuildFile; fileRef = 8448C99523DB6EC60047CA67 /* AppDelegate.swift */; };
		8448C99823DB6EC60047CA67 /* SceneDelegate.swift in Sources */ = {isa = PBXBuildFile; fileRef = 8448C99723DB6EC60047CA67 /* SceneDelegate.swift */; };
		8448C99A23DB6EC60047CA67 /* ViewController.swift in Sources */ = {isa = PBXBuildFile; fileRef = 8448C99923DB6EC60047CA67 /* ViewController.swift */; };
		8448C99D23DB6EC60047CA67 /* Main.storyboard in Resources */ = {isa = PBXBuildFile; fileRef = 8448C99B23DB6EC60047CA67 /* Main.storyboard */; };
		8448C9A023DB6EC60047CA67 /* WeatherApp.xcdatamodeld in Sources */ = {isa = PBXBuildFile; fileRef = 8448C99E23DB6EC60047CA67 /* WeatherApp.xcdatamodeld */; };
		8448C9A223DB6EC80047CA67 /* Assets.xcassets in Resources */ = {isa = PBXBuildFile; fileRef = 8448C9A123DB6EC80047CA67 /* Assets.xcassets */; };
		8448C9A523DB6EC80047CA67 /* LaunchScreen.storyboard in Resources */ = {isa = PBXBuildFile; fileRef = 8448C9A323DB6EC80047CA67 /* LaunchScreen.storyboard */; };
		8448C9B023DB6EC80047CA67 /* WeatherAppTests.swift in Sources */ = {isa = PBXBuildFile; fileRef = 8448C9AF23DB6EC80047CA67 /* WeatherAppTests.swift */; };
		8448C9BB23DB6EC80047CA67 /* WeatherAppUITests.swift in Sources */ = {isa = PBXBuildFile; fileRef = 8448C9BA23DB6EC80047CA67 /* WeatherAppUITests.swift */; };
		8448C9C923DB6F690047CA67 /* APIController.swift in Sources */ = {isa = PBXBuildFile; fileRef = 8448C9C823DB6F690047CA67 /* APIController.swift */; };
		8448C9CB23DB6F7D0047CA67 /* WeatherModel.swift in Sources */ = {isa = PBXBuildFile; fileRef = 8448C9CA23DB6F7D0047CA67 /* WeatherModel.swift */; };
		8448C9CD23DB6F9F0047CA67 /* MapViewController.swift in Sources */ = {isa = PBXBuildFile; fileRef = 8448C9CC23DB6F9F0047CA67 /* MapViewController.swift */; };
		8448C9D323DBD0140047CA67 /* LaunchScreenViewController.swift in Sources */ = {isa = PBXBuildFile; fileRef = 8448C9D223DBD0140047CA67 /* LaunchScreenViewController.swift */; };
		8448C9D523DD5D490047CA67 /* CoreData.swift in Sources */ = {isa = PBXBuildFile; fileRef = 8448C9D423DD5D490047CA67 /* CoreData.swift */; };
		F6759CDE15326524D7418576 /* Pods_WeatherAppTests.framework in Frameworks */ = {isa = PBXBuildFile; fileRef = D9A6B833C6DBABA3A4199570 /* Pods_WeatherAppTests.framework */; };
/* End PBXBuildFile section */

/* Begin PBXContainerItemProxy section */
		8448C9AC23DB6EC80047CA67 /* PBXContainerItemProxy */ = {
			isa = PBXContainerItemProxy;
			containerPortal = 8448C98A23DB6EC60047CA67 /* Project object */;
			proxyType = 1;
			remoteGlobalIDString = 8448C99123DB6EC60047CA67;
			remoteInfo = WeatherApp;
		};
		8448C9B723DB6EC80047CA67 /* PBXContainerItemProxy */ = {
			isa = PBXContainerItemProxy;
			containerPortal = 8448C98A23DB6EC60047CA67 /* Project object */;
			proxyType = 1;
			remoteGlobalIDString = 8448C99123DB6EC60047CA67;
			remoteInfo = WeatherApp;
		};
/* End PBXContainerItemProxy section */

/* Begin PBXFileReference section */
		2E240B2E556ACC1570A5BBD8 /* Pods-WeatherApp.debug.xcconfig */ = {isa = PBXFileReference; includeInIndex = 1; lastKnownFileType = text.xcconfig; name = "Pods-WeatherApp.debug.xcconfig"; path = "Target Support Files/Pods-WeatherApp/Pods-WeatherApp.debug.xcconfig"; sourceTree = "<group>"; };
		435368DD1426FA1F8DC154BC /* Pods-WeatherAppTests.release.xcconfig */ = {isa = PBXFileReference; includeInIndex = 1; lastKnownFileType = text.xcconfig; name = "Pods-WeatherAppTests.release.xcconfig"; path = "Target Support Files/Pods-WeatherAppTests/Pods-WeatherAppTests.release.xcconfig"; sourceTree = "<group>"; };
		46E838CACF9D0DF391728176 /* Pods_WeatherApp_WeatherAppUITests.framework */ = {isa = PBXFileReference; explicitFileType = wrapper.framework; includeInIndex = 0; path = Pods_WeatherApp_WeatherAppUITests.framework; sourceTree = BUILT_PRODUCTS_DIR; };
		53AFCEEDC04FD694954E7E61 /* Pods-WeatherApp-WeatherAppUITests.debug.xcconfig */ = {isa = PBXFileReference; includeInIndex = 1; lastKnownFileType = text.xcconfig; name = "Pods-WeatherApp-WeatherAppUITests.debug.xcconfig"; path = "Target Support Files/Pods-WeatherApp-WeatherAppUITests/Pods-WeatherApp-WeatherAppUITests.debug.xcconfig"; sourceTree = "<group>"; };
		5DD8514685751F932C5C9F3F /* Pods-WeatherApp-WeatherAppUITests.release.xcconfig */ = {isa = PBXFileReference; includeInIndex = 1; lastKnownFileType = text.xcconfig; name = "Pods-WeatherApp-WeatherAppUITests.release.xcconfig"; path = "Target Support Files/Pods-WeatherApp-WeatherAppUITests/Pods-WeatherApp-WeatherAppUITests.release.xcconfig"; sourceTree = "<group>"; };
		785E647A3F14176AF0E61828 /* Pods_WeatherApp.framework */ = {isa = PBXFileReference; explicitFileType = wrapper.framework; includeInIndex = 0; path = Pods_WeatherApp.framework; sourceTree = BUILT_PRODUCTS_DIR; };
		8448C99223DB6EC60047CA67 /* WeatherApp.app */ = {isa = PBXFileReference; explicitFileType = wrapper.application; includeInIndex = 0; path = WeatherApp.app; sourceTree = BUILT_PRODUCTS_DIR; };
		8448C99523DB6EC60047CA67 /* AppDelegate.swift */ = {isa = PBXFileReference; lastKnownFileType = sourcecode.swift; path = AppDelegate.swift; sourceTree = "<group>"; };
		8448C99723DB6EC60047CA67 /* SceneDelegate.swift */ = {isa = PBXFileReference; lastKnownFileType = sourcecode.swift; path = SceneDelegate.swift; sourceTree = "<group>"; };
		8448C99923DB6EC60047CA67 /* ViewController.swift */ = {isa = PBXFileReference; lastKnownFileType = sourcecode.swift; path = ViewController.swift; sourceTree = "<group>"; };
		8448C99C23DB6EC60047CA67 /* Base */ = {isa = PBXFileReference; lastKnownFileType = file.storyboard; name = Base; path = Base.lproj/Main.storyboard; sourceTree = "<group>"; };
		8448C99F23DB6EC60047CA67 /* WeatherApp.xcdatamodel */ = {isa = PBXFileReference; lastKnownFileType = wrapper.xcdatamodel; path = WeatherApp.xcdatamodel; sourceTree = "<group>"; };
		8448C9A123DB6EC80047CA67 /* Assets.xcassets */ = {isa = PBXFileReference; lastKnownFileType = folder.assetcatalog; path = Assets.xcassets; sourceTree = "<group>"; };
		8448C9A423DB6EC80047CA67 /* Base */ = {isa = PBXFileReference; lastKnownFileType = file.storyboard; name = Base; path = Base.lproj/LaunchScreen.storyboard; sourceTree = "<group>"; };
		8448C9A623DB6EC80047CA67 /* Info.plist */ = {isa = PBXFileReference; lastKnownFileType = text.plist.xml; path = Info.plist; sourceTree = "<group>"; };
		8448C9AB23DB6EC80047CA67 /* WeatherAppTests.xctest */ = {isa = PBXFileReference; explicitFileType = wrapper.cfbundle; includeInIndex = 0; path = WeatherAppTests.xctest; sourceTree = BUILT_PRODUCTS_DIR; };
		8448C9AF23DB6EC80047CA67 /* WeatherAppTests.swift */ = {isa = PBXFileReference; lastKnownFileType = sourcecode.swift; path = WeatherAppTests.swift; sourceTree = "<group>"; };
		8448C9B123DB6EC80047CA67 /* Info.plist */ = {isa = PBXFileReference; lastKnownFileType = text.plist.xml; path = Info.plist; sourceTree = "<group>"; };
		8448C9B623DB6EC80047CA67 /* WeatherAppUITests.xctest */ = {isa = PBXFileReference; explicitFileType = wrapper.cfbundle; includeInIndex = 0; path = WeatherAppUITests.xctest; sourceTree = BUILT_PRODUCTS_DIR; };
		8448C9BA23DB6EC80047CA67 /* WeatherAppUITests.swift */ = {isa = PBXFileReference; lastKnownFileType = sourcecode.swift; path = WeatherAppUITests.swift; sourceTree = "<group>"; };
		8448C9BC23DB6EC80047CA67 /* Info.plist */ = {isa = PBXFileReference; lastKnownFileType = text.plist.xml; path = Info.plist; sourceTree = "<group>"; };
		8448C9C823DB6F690047CA67 /* APIController.swift */ = {isa = PBXFileReference; lastKnownFileType = sourcecode.swift; path = APIController.swift; sourceTree = "<group>"; };
		8448C9CA23DB6F7D0047CA67 /* WeatherModel.swift */ = {isa = PBXFileReference; lastKnownFileType = sourcecode.swift; path = WeatherModel.swift; sourceTree = "<group>"; };
		8448C9CC23DB6F9F0047CA67 /* MapViewController.swift */ = {isa = PBXFileReference; lastKnownFileType = sourcecode.swift; path = MapViewController.swift; sourceTree = "<group>"; };
		8448C9D223DBD0140047CA67 /* LaunchScreenViewController.swift */ = {isa = PBXFileReference; lastKnownFileType = sourcecode.swift; path = LaunchScreenViewController.swift; sourceTree = "<group>"; };
		8448C9D423DD5D490047CA67 /* CoreData.swift */ = {isa = PBXFileReference; lastKnownFileType = sourcecode.swift; path = CoreData.swift; sourceTree = "<group>"; };
		91FC5C3AD86664FE30E65D2A /* Pods-WeatherAppTests.debug.xcconfig */ = {isa = PBXFileReference; includeInIndex = 1; lastKnownFileType = text.xcconfig; name = "Pods-WeatherAppTests.debug.xcconfig"; path = "Target Support Files/Pods-WeatherAppTests/Pods-WeatherAppTests.debug.xcconfig"; sourceTree = "<group>"; };
		D9A6B833C6DBABA3A4199570 /* Pods_WeatherAppTests.framework */ = {isa = PBXFileReference; explicitFileType = wrapper.framework; includeInIndex = 0; path = Pods_WeatherAppTests.framework; sourceTree = BUILT_PRODUCTS_DIR; };
		F999C13E3D48E872EC1A2A3C /* Pods-WeatherApp.release.xcconfig */ = {isa = PBXFileReference; includeInIndex = 1; lastKnownFileType = text.xcconfig; name = "Pods-WeatherApp.release.xcconfig"; path = "Target Support Files/Pods-WeatherApp/Pods-WeatherApp.release.xcconfig"; sourceTree = "<group>"; };
/* End PBXFileReference section */

/* Begin PBXFrameworksBuildPhase section */
		8448C98F23DB6EC60047CA67 /* Frameworks */ = {
			isa = PBXFrameworksBuildPhase;
			buildActionMask = 2147483647;
			files = (
				05F1D6755792DE03EAFE2760 /* Pods_WeatherApp.framework in Frameworks */,
			);
			runOnlyForDeploymentPostprocessing = 0;
		};
		8448C9A823DB6EC80047CA67 /* Frameworks */ = {
			isa = PBXFrameworksBuildPhase;
			buildActionMask = 2147483647;
			files = (
				F6759CDE15326524D7418576 /* Pods_WeatherAppTests.framework in Frameworks */,
			);
			runOnlyForDeploymentPostprocessing = 0;
		};
		8448C9B323DB6EC80047CA67 /* Frameworks */ = {
			isa = PBXFrameworksBuildPhase;
			buildActionMask = 2147483647;
			files = (
				75DD62BBF8AFE9A83EB1CA37 /* Pods_WeatherApp_WeatherAppUITests.framework in Frameworks */,
			);
			runOnlyForDeploymentPostprocessing = 0;
		};
/* End PBXFrameworksBuildPhase section */

/* Begin PBXGroup section */
		8448C98923DB6EC60047CA67 = {
			isa = PBXGroup;
			children = (
				8448C99423DB6EC60047CA67 /* WeatherApp */,
				8448C9AE23DB6EC80047CA67 /* WeatherAppTests */,
				8448C9B923DB6EC80047CA67 /* WeatherAppUITests */,
				8448C99323DB6EC60047CA67 /* Products */,
				CC0EA0B3EA1CA403DC4B2DC6 /* Pods */,
				D5B84BE5D569C4FFB7B751A9 /* Frameworks */,
			);
			sourceTree = "<group>";
		};
		8448C99323DB6EC60047CA67 /* Products */ = {
			isa = PBXGroup;
			children = (
				8448C99223DB6EC60047CA67 /* WeatherApp.app */,
				8448C9AB23DB6EC80047CA67 /* WeatherAppTests.xctest */,
				8448C9B623DB6EC80047CA67 /* WeatherAppUITests.xctest */,
			);
			name = Products;
			sourceTree = "<group>";
		};
		8448C99423DB6EC60047CA67 /* WeatherApp */ = {
			isa = PBXGroup;
			children = (
				8448C99523DB6EC60047CA67 /* AppDelegate.swift */,
				8448C99723DB6EC60047CA67 /* SceneDelegate.swift */,
				8448C99923DB6EC60047CA67 /* ViewController.swift */,
				8448C9CC23DB6F9F0047CA67 /* MapViewController.swift */,
				8448C99B23DB6EC60047CA67 /* Main.storyboard */,
				8448C9A123DB6EC80047CA67 /* Assets.xcassets */,
				8448C9D223DBD0140047CA67 /* LaunchScreenViewController.swift */,
				8448C9A323DB6EC80047CA67 /* LaunchScreen.storyboard */,
				8448C9A623DB6EC80047CA67 /* Info.plist */,
				8448C99E23DB6EC60047CA67 /* WeatherApp.xcdatamodeld */,
				8448C9C823DB6F690047CA67 /* APIController.swift */,
				8448C9CA23DB6F7D0047CA67 /* WeatherModel.swift */,
				8448C9D423DD5D490047CA67 /* CoreData.swift */,
			);
			path = WeatherApp;
			sourceTree = "<group>";
		};
		8448C9AE23DB6EC80047CA67 /* WeatherAppTests */ = {
			isa = PBXGroup;
			children = (
				8448C9AF23DB6EC80047CA67 /* WeatherAppTests.swift */,
				8448C9B123DB6EC80047CA67 /* Info.plist */,
			);
			path = WeatherAppTests;
			sourceTree = "<group>";
		};
		8448C9B923DB6EC80047CA67 /* WeatherAppUITests */ = {
			isa = PBXGroup;
			children = (
				8448C9BA23DB6EC80047CA67 /* WeatherAppUITests.swift */,
				8448C9BC23DB6EC80047CA67 /* Info.plist */,
			);
			path = WeatherAppUITests;
			sourceTree = "<group>";
		};
		CC0EA0B3EA1CA403DC4B2DC6 /* Pods */ = {
			isa = PBXGroup;
			children = (
				2E240B2E556ACC1570A5BBD8 /* Pods-WeatherApp.debug.xcconfig */,
				F999C13E3D48E872EC1A2A3C /* Pods-WeatherApp.release.xcconfig */,
				53AFCEEDC04FD694954E7E61 /* Pods-WeatherApp-WeatherAppUITests.debug.xcconfig */,
				5DD8514685751F932C5C9F3F /* Pods-WeatherApp-WeatherAppUITests.release.xcconfig */,
				91FC5C3AD86664FE30E65D2A /* Pods-WeatherAppTests.debug.xcconfig */,
				435368DD1426FA1F8DC154BC /* Pods-WeatherAppTests.release.xcconfig */,
			);
			path = Pods;
			sourceTree = "<group>";
		};
		D5B84BE5D569C4FFB7B751A9 /* Frameworks */ = {
			isa = PBXGroup;
			children = (
				785E647A3F14176AF0E61828 /* Pods_WeatherApp.framework */,
				46E838CACF9D0DF391728176 /* Pods_WeatherApp_WeatherAppUITests.framework */,
				D9A6B833C6DBABA3A4199570 /* Pods_WeatherAppTests.framework */,
			);
			name = Frameworks;
			sourceTree = "<group>";
		};
/* End PBXGroup section */

/* Begin PBXNativeTarget section */
		8448C99123DB6EC60047CA67 /* WeatherApp */ = {
			isa = PBXNativeTarget;
			buildConfigurationList = 8448C9BF23DB6EC80047CA67 /* Build configuration list for PBXNativeTarget "WeatherApp" */;
			buildPhases = (
				E003CCD861F6AAC78FA1C557 /* [CP] Check Pods Manifest.lock */,
				8448C98E23DB6EC60047CA67 /* Sources */,
				8448C98F23DB6EC60047CA67 /* Frameworks */,
				8448C99023DB6EC60047CA67 /* Resources */,
				B0D5BED4B1232D4891DAEE47 /* [CP] Copy Pods Resources */,
			);
			buildRules = (
			);
			dependencies = (
			);
			name = WeatherApp;
			productName = WeatherApp;
			productReference = 8448C99223DB6EC60047CA67 /* WeatherApp.app */;
			productType = "com.apple.product-type.application";
		};
		8448C9AA23DB6EC80047CA67 /* WeatherAppTests */ = {
			isa = PBXNativeTarget;
			buildConfigurationList = 8448C9C223DB6EC80047CA67 /* Build configuration list for PBXNativeTarget "WeatherAppTests" */;
			buildPhases = (
				1AF988E091C5F5500BC61AB0 /* [CP] Check Pods Manifest.lock */,
				8448C9A723DB6EC80047CA67 /* Sources */,
				8448C9A823DB6EC80047CA67 /* Frameworks */,
				8448C9A923DB6EC80047CA67 /* Resources */,
			);
			buildRules = (
			);
			dependencies = (
				8448C9AD23DB6EC80047CA67 /* PBXTargetDependency */,
			);
			name = WeatherAppTests;
			productName = WeatherAppTests;
			productReference = 8448C9AB23DB6EC80047CA67 /* WeatherAppTests.xctest */;
			productType = "com.apple.product-type.bundle.unit-test";
		};
		8448C9B523DB6EC80047CA67 /* WeatherAppUITests */ = {
			isa = PBXNativeTarget;
			buildConfigurationList = 8448C9C523DB6EC80047CA67 /* Build configuration list for PBXNativeTarget "WeatherAppUITests" */;
			buildPhases = (
				8925AFAE3A6D1626F5EA2AEC /* [CP] Check Pods Manifest.lock */,
				8448C9B223DB6EC80047CA67 /* Sources */,
				8448C9B323DB6EC80047CA67 /* Frameworks */,
				8448C9B423DB6EC80047CA67 /* Resources */,
				2E1A3B565D1F8349EA05D58D /* [CP] Copy Pods Resources */,
			);
			buildRules = (
			);
			dependencies = (
				8448C9B823DB6EC80047CA67 /* PBXTargetDependency */,
			);
			name = WeatherAppUITests;
			productName = WeatherAppUITests;
			productReference = 8448C9B623DB6EC80047CA67 /* WeatherAppUITests.xctest */;
			productType = "com.apple.product-type.bundle.ui-testing";
		};
/* End PBXNativeTarget section */

/* Begin PBXProject section */
		8448C98A23DB6EC60047CA67 /* Project object */ = {
			isa = PBXProject;
			attributes = {
				LastSwiftUpdateCheck = 1120;
				LastUpgradeCheck = 1120;
				ORGANIZATIONNAME = Admin;
				TargetAttributes = {
					8448C99123DB6EC60047CA67 = {
						CreatedOnToolsVersion = 11.2;
					};
					8448C9AA23DB6EC80047CA67 = {
						CreatedOnToolsVersion = 11.2;
						TestTargetID = 8448C99123DB6EC60047CA67;
					};
					8448C9B523DB6EC80047CA67 = {
						CreatedOnToolsVersion = 11.2;
						TestTargetID = 8448C99123DB6EC60047CA67;
					};
				};
			};
			buildConfigurationList = 8448C98D23DB6EC60047CA67 /* Build configuration list for PBXProject "WeatherApp" */;
			compatibilityVersion = "Xcode 9.3";
			developmentRegion = en;
			hasScannedForEncodings = 0;
			knownRegions = (
				en,
				Base,
			);
			mainGroup = 8448C98923DB6EC60047CA67;
			productRefGroup = 8448C99323DB6EC60047CA67 /* Products */;
			projectDirPath = "";
			projectRoot = "";
			targets = (
				8448C99123DB6EC60047CA67 /* WeatherApp */,
				8448C9AA23DB6EC80047CA67 /* WeatherAppTests */,
				8448C9B523DB6EC80047CA67 /* WeatherAppUITests */,
			);
		};
/* End PBXProject section */

/* Begin PBXResourcesBuildPhase section */
		8448C99023DB6EC60047CA67 /* Resources */ = {
			isa = PBXResourcesBuildPhase;
			buildActionMask = 2147483647;
			files = (
				8448C9A523DB6EC80047CA67 /* LaunchScreen.storyboard in Resources */,
				8448C9A223DB6EC80047CA67 /* Assets.xcassets in Resources */,
				8448C99D23DB6EC60047CA67 /* Main.storyboard in Resources */,
			);
			runOnlyForDeploymentPostprocessing = 0;
		};
		8448C9A923DB6EC80047CA67 /* Resources */ = {
			isa = PBXResourcesBuildPhase;
			buildActionMask = 2147483647;
			files = (
			);
			runOnlyForDeploymentPostprocessing = 0;
		};
		8448C9B423DB6EC80047CA67 /* Resources */ = {
			isa = PBXResourcesBuildPhase;
			buildActionMask = 2147483647;
			files = (
			);
			runOnlyForDeploymentPostprocessing = 0;
		};
/* End PBXResourcesBuildPhase section */

/* Begin PBXShellScriptBuildPhase section */
		1AF988E091C5F5500BC61AB0 /* [CP] Check Pods Manifest.lock */ = {
			isa = PBXShellScriptBuildPhase;
			buildActionMask = 2147483647;
			files = (
			);
			inputFileListPaths = (
			);
			inputPaths = (
				"${PODS_PODFILE_DIR_PATH}/Podfile.lock",
				"${PODS_ROOT}/Manifest.lock",
			);
			name = "[CP] Check Pods Manifest.lock";
			outputFileListPaths = (
			);
			outputPaths = (
				"$(DERIVED_FILE_DIR)/Pods-WeatherAppTests-checkManifestLockResult.txt",
			);
			runOnlyForDeploymentPostprocessing = 0;
			shellPath = /bin/sh;
			shellScript = "diff \"${PODS_PODFILE_DIR_PATH}/Podfile.lock\" \"${PODS_ROOT}/Manifest.lock\" > /dev/null\nif [ $? != 0 ] ; then\n    # print error to STDERR\n    echo \"error: The sandbox is not in sync with the Podfile.lock. Run 'pod install' or update your CocoaPods installation.\" >&2\n    exit 1\nfi\n# This output is used by Xcode 'outputs' to avoid re-running this script phase.\necho \"SUCCESS\" > \"${SCRIPT_OUTPUT_FILE_0}\"\n";
			showEnvVarsInLog = 0;
		};
		2E1A3B565D1F8349EA05D58D /* [CP] Copy Pods Resources */ = {
			isa = PBXShellScriptBuildPhase;
			buildActionMask = 2147483647;
			files = (
			);
			inputFileListPaths = (
				"${PODS_ROOT}/Target Support Files/Pods-WeatherApp-WeatherAppUITests/Pods-WeatherApp-WeatherAppUITests-resources-${CONFIGURATION}-input-files.xcfilelist",
			);
			name = "[CP] Copy Pods Resources";
			outputFileListPaths = (
				"${PODS_ROOT}/Target Support Files/Pods-WeatherApp-WeatherAppUITests/Pods-WeatherApp-WeatherAppUITests-resources-${CONFIGURATION}-output-files.xcfilelist",
			);
			runOnlyForDeploymentPostprocessing = 0;
			shellPath = /bin/sh;
			shellScript = "\"${PODS_ROOT}/Target Support Files/Pods-WeatherApp-WeatherAppUITests/Pods-WeatherApp-WeatherAppUITests-resources.sh\"\n";
			showEnvVarsInLog = 0;
		};
		8925AFAE3A6D1626F5EA2AEC /* [CP] Check Pods Manifest.lock */ = {
			isa = PBXShellScriptBuildPhase;
			buildActionMask = 2147483647;
			files = (
			);
			inputFileListPaths = (
			);
			inputPaths = (
				"${PODS_PODFILE_DIR_PATH}/Podfile.lock",
				"${PODS_ROOT}/Manifest.lock",
			);
			name = "[CP] Check Pods Manifest.lock";
			outputFileListPaths = (
			);
			outputPaths = (
				"$(DERIVED_FILE_DIR)/Pods-WeatherApp-WeatherAppUITests-checkManifestLockResult.txt",
			);
			runOnlyForDeploymentPostprocessing = 0;
			shellPath = /bin/sh;
			shellScript = "diff \"${PODS_PODFILE_DIR_PATH}/Podfile.lock\" \"${PODS_ROOT}/Manifest.lock\" > /dev/null\nif [ $? != 0 ] ; then\n    # print error to STDERR\n    echo \"error: The sandbox is not in sync with the Podfile.lock. Run 'pod install' or update your CocoaPods installation.\" >&2\n    exit 1\nfi\n# This output is used by Xcode 'outputs' to avoid re-running this script phase.\necho \"SUCCESS\" > \"${SCRIPT_OUTPUT_FILE_0}\"\n";
			showEnvVarsInLog = 0;
		};
		B0D5BED4B1232D4891DAEE47 /* [CP] Copy Pods Resources */ = {
			isa = PBXShellScriptBuildPhase;
			buildActionMask = 2147483647;
			files = (
			);
			inputFileListPaths = (
				"${PODS_ROOT}/Target Support Files/Pods-WeatherApp/Pods-WeatherApp-resources-${CONFIGURATION}-input-files.xcfilelist",
			);
			name = "[CP] Copy Pods Resources";
			outputFileListPaths = (
				"${PODS_ROOT}/Target Support Files/Pods-WeatherApp/Pods-WeatherApp-resources-${CONFIGURATION}-output-files.xcfilelist",
			);
			runOnlyForDeploymentPostprocessing = 0;
			shellPath = /bin/sh;
			shellScript = "\"${PODS_ROOT}/Target Support Files/Pods-WeatherApp/Pods-WeatherApp-resources.sh\"\n";
			showEnvVarsInLog = 0;
		};
		E003CCD861F6AAC78FA1C557 /* [CP] Check Pods Manifest.lock */ = {
			isa = PBXShellScriptBuildPhase;
			buildActionMask = 2147483647;
			files = (
			);
			inputFileListPaths = (
			);
			inputPaths = (
				"${PODS_PODFILE_DIR_PATH}/Podfile.lock",
				"${PODS_ROOT}/Manifest.lock",
			);
			name = "[CP] Check Pods Manifest.lock";
			outputFileListPaths = (
			);
			outputPaths = (
				"$(DERIVED_FILE_DIR)/Pods-WeatherApp-checkManifestLockResult.txt",
			);
			runOnlyForDeploymentPostprocessing = 0;
			shellPath = /bin/sh;
			shellScript = "diff \"${PODS_PODFILE_DIR_PATH}/Podfile.lock\" \"${PODS_ROOT}/Manifest.lock\" > /dev/null\nif [ $? != 0 ] ; then\n    # print error to STDERR\n    echo \"error: The sandbox is not in sync with the Podfile.lock. Run 'pod install' or update your CocoaPods installation.\" >&2\n    exit 1\nfi\n# This output is used by Xcode 'outputs' to avoid re-running this script phase.\necho \"SUCCESS\" > \"${SCRIPT_OUTPUT_FILE_0}\"\n";
			showEnvVarsInLog = 0;
		};
/* End PBXShellScriptBuildPhase section */

/* Begin PBXSourcesBuildPhase section */
		8448C98E23DB6EC60047CA67 /* Sources */ = {
			isa = PBXSourcesBuildPhase;
			buildActionMask = 2147483647;
			files = (
				8448C9A023DB6EC60047CA67 /* WeatherApp.xcdatamodeld in Sources */,
				8448C99A23DB6EC60047CA67 /* ViewController.swift in Sources */,
				8448C9D323DBD0140047CA67 /* LaunchScreenViewController.swift in Sources */,
				8448C99623DB6EC60047CA67 /* AppDelegate.swift in Sources */,
				8448C9D523DD5D490047CA67 /* CoreData.swift in Sources */,
				8448C99823DB6EC60047CA67 /* SceneDelegate.swift in Sources */,
				8448C9CB23DB6F7D0047CA67 /* WeatherModel.swift in Sources */,
				8448C9C923DB6F690047CA67 /* APIController.swift in Sources */,
				8448C9CD23DB6F9F0047CA67 /* MapViewController.swift in Sources */,
			);
			runOnlyForDeploymentPostprocessing = 0;
		};
		8448C9A723DB6EC80047CA67 /* Sources */ = {
			isa = PBXSourcesBuildPhase;
			buildActionMask = 2147483647;
			files = (
				8448C9B023DB6EC80047CA67 /* WeatherAppTests.swift in Sources */,
			);
			runOnlyForDeploymentPostprocessing = 0;
		};
		8448C9B223DB6EC80047CA67 /* Sources */ = {
			isa = PBXSourcesBuildPhase;
			buildActionMask = 2147483647;
			files = (
				8448C9BB23DB6EC80047CA67 /* WeatherAppUITests.swift in Sources */,
			);
			runOnlyForDeploymentPostprocessing = 0;
		};
/* End PBXSourcesBuildPhase section */

/* Begin PBXTargetDependency section */
		8448C9AD23DB6EC80047CA67 /* PBXTargetDependency */ = {
			isa = PBXTargetDependency;
			target = 8448C99123DB6EC60047CA67 /* WeatherApp */;
			targetProxy = 8448C9AC23DB6EC80047CA67 /* PBXContainerItemProxy */;
		};
		8448C9B823DB6EC80047CA67 /* PBXTargetDependency */ = {
			isa = PBXTargetDependency;
			target = 8448C99123DB6EC60047CA67 /* WeatherApp */;
			targetProxy = 8448C9B723DB6EC80047CA67 /* PBXContainerItemProxy */;
		};
/* End PBXTargetDependency section */

/* Begin PBXVariantGroup section */
		8448C99B23DB6EC60047CA67 /* Main.storyboard */ = {
			isa = PBXVariantGroup;
			children = (
				8448C99C23DB6EC60047CA67 /* Base */,
			);
			name = Main.storyboard;
			sourceTree = "<group>";
		};
		8448C9A323DB6EC80047CA67 /* LaunchScreen.storyboard */ = {
			isa = PBXVariantGroup;
			children = (
				8448C9A423DB6EC80047CA67 /* Base */,
			);
			name = LaunchScreen.storyboard;
			sourceTree = "<group>";
		};
/* End PBXVariantGroup section */

/* Begin XCBuildConfiguration section */
		8448C9BD23DB6EC80047CA67 /* Debug */ = {
			isa = XCBuildConfiguration;
			buildSettings = {
				ALWAYS_SEARCH_USER_PATHS = NO;
				CLANG_ANALYZER_NONNULL = YES;
				CLANG_ANALYZER_NUMBER_OBJECT_CONVERSION = YES_AGGRESSIVE;
				CLANG_CXX_LANGUAGE_STANDARD = "gnu++14";
				CLANG_CXX_LIBRARY = "libc++";
				CLANG_ENABLE_MODULES = YES;
				CLANG_ENABLE_OBJC_ARC = YES;
				CLANG_ENABLE_OBJC_WEAK = YES;
				CLANG_WARN_BLOCK_CAPTURE_AUTORELEASING = YES;
				CLANG_WARN_BOOL_CONVERSION = YES;
				CLANG_WARN_COMMA = YES;
				CLANG_WARN_CONSTANT_CONVERSION = YES;
				CLANG_WARN_DEPRECATED_OBJC_IMPLEMENTATIONS = YES;
				CLANG_WARN_DIRECT_OBJC_ISA_USAGE = YES_ERROR;
				CLANG_WARN_DOCUMENTATION_COMMENTS = YES;
				CLANG_WARN_EMPTY_BODY = YES;
				CLANG_WARN_ENUM_CONVERSION = YES;
				CLANG_WARN_INFINITE_RECURSION = YES;
				CLANG_WARN_INT_CONVERSION = YES;
				CLANG_WARN_NON_LITERAL_NULL_CONVERSION = YES;
				CLANG_WARN_OBJC_IMPLICIT_RETAIN_SELF = YES;
				CLANG_WARN_OBJC_LITERAL_CONVERSION = YES;
				CLANG_WARN_OBJC_ROOT_CLASS = YES_ERROR;
				CLANG_WARN_RANGE_LOOP_ANALYSIS = YES;
				CLANG_WARN_STRICT_PROTOTYPES = YES;
				CLANG_WARN_SUSPICIOUS_MOVE = YES;
				CLANG_WARN_UNGUARDED_AVAILABILITY = YES_AGGRESSIVE;
				CLANG_WARN_UNREACHABLE_CODE = YES;
				CLANG_WARN__DUPLICATE_METHOD_MATCH = YES;
				COPY_PHASE_STRIP = NO;
				DEBUG_INFORMATION_FORMAT = dwarf;
				ENABLE_STRICT_OBJC_MSGSEND = YES;
				ENABLE_TESTABILITY = YES;
				GCC_C_LANGUAGE_STANDARD = gnu11;
				GCC_DYNAMIC_NO_PIC = NO;
				GCC_NO_COMMON_BLOCKS = YES;
				GCC_OPTIMIZATION_LEVEL = 0;
				GCC_PREPROCESSOR_DEFINITIONS = (
					"DEBUG=1",
					"$(inherited)",
				);
				GCC_WARN_64_TO_32_BIT_CONVERSION = YES;
				GCC_WARN_ABOUT_RETURN_TYPE = YES_ERROR;
				GCC_WARN_UNDECLARED_SELECTOR = YES;
				GCC_WARN_UNINITIALIZED_AUTOS = YES_AGGRESSIVE;
				GCC_WARN_UNUSED_FUNCTION = YES;
				GCC_WARN_UNUSED_VARIABLE = YES;
				IPHONEOS_DEPLOYMENT_TARGET = 13.2;
				MTL_ENABLE_DEBUG_INFO = INCLUDE_SOURCE;
				MTL_FAST_MATH = YES;
				ONLY_ACTIVE_ARCH = YES;
				SDKROOT = iphoneos;
				SWIFT_ACTIVE_COMPILATION_CONDITIONS = DEBUG;
				SWIFT_OPTIMIZATION_LEVEL = "-Onone";
			};
			name = Debug;
		};
		8448C9BE23DB6EC80047CA67 /* Release */ = {
			isa = XCBuildConfiguration;
			buildSettings = {
				ALWAYS_SEARCH_USER_PATHS = NO;
				CLANG_ANALYZER_NONNULL = YES;
				CLANG_ANALYZER_NUMBER_OBJECT_CONVERSION = YES_AGGRESSIVE;
				CLANG_CXX_LANGUAGE_STANDARD = "gnu++14";
				CLANG_CXX_LIBRARY = "libc++";
				CLANG_ENABLE_MODULES = YES;
				CLANG_ENABLE_OBJC_ARC = YES;
				CLANG_ENABLE_OBJC_WEAK = YES;
				CLANG_WARN_BLOCK_CAPTURE_AUTORELEASING = YES;
				CLANG_WARN_BOOL_CONVERSION = YES;
				CLANG_WARN_COMMA = YES;
				CLANG_WARN_CONSTANT_CONVERSION = YES;
				CLANG_WARN_DEPRECATED_OBJC_IMPLEMENTATIONS = YES;
				CLANG_WARN_DIRECT_OBJC_ISA_USAGE = YES_ERROR;
				CLANG_WARN_DOCUMENTATION_COMMENTS = YES;
				CLANG_WARN_EMPTY_BODY = YES;
				CLANG_WARN_ENUM_CONVERSION = YES;
				CLANG_WARN_INFINITE_RECURSION = YES;
				CLANG_WARN_INT_CONVERSION = YES;
				CLANG_WARN_NON_LITERAL_NULL_CONVERSION = YES;
				CLANG_WARN_OBJC_IMPLICIT_RETAIN_SELF = YES;
				CLANG_WARN_OBJC_LITERAL_CONVERSION = YES;
				CLANG_WARN_OBJC_ROOT_CLASS = YES_ERROR;
				CLANG_WARN_RANGE_LOOP_ANALYSIS = YES;
				CLANG_WARN_STRICT_PROTOTYPES = YES;
				CLANG_WARN_SUSPICIOUS_MOVE = YES;
				CLANG_WARN_UNGUARDED_AVAILABILITY = YES_AGGRESSIVE;
				CLANG_WARN_UNREACHABLE_CODE = YES;
				CLANG_WARN__DUPLICATE_METHOD_MATCH = YES;
				COPY_PHASE_STRIP = NO;
				DEBUG_INFORMATION_FORMAT = "dwarf-with-dsym";
				ENABLE_NS_ASSERTIONS = NO;
				ENABLE_STRICT_OBJC_MSGSEND = YES;
				GCC_C_LANGUAGE_STANDARD = gnu11;
				GCC_NO_COMMON_BLOCKS = YES;
				GCC_WARN_64_TO_32_BIT_CONVERSION = YES;
				GCC_WARN_ABOUT_RETURN_TYPE = YES_ERROR;
				GCC_WARN_UNDECLARED_SELECTOR = YES;
				GCC_WARN_UNINITIALIZED_AUTOS = YES_AGGRESSIVE;
				GCC_WARN_UNUSED_FUNCTION = YES;
				GCC_WARN_UNUSED_VARIABLE = YES;
				IPHONEOS_DEPLOYMENT_TARGET = 13.2;
				MTL_ENABLE_DEBUG_INFO = NO;
				MTL_FAST_MATH = YES;
				SDKROOT = iphoneos;
				SWIFT_COMPILATION_MODE = wholemodule;
				SWIFT_OPTIMIZATION_LEVEL = "-O";
				VALIDATE_PRODUCT = YES;
			};
			name = Release;
		};
		8448C9C023DB6EC80047CA67 /* Debug */ = {
			isa = XCBuildConfiguration;
			baseConfigurationReference = 2E240B2E556ACC1570A5BBD8 /* Pods-WeatherApp.debug.xcconfig */;
			buildSettings = {
				ASSETCATALOG_COMPILER_APPICON_NAME = AppIcon;
				CODE_SIGN_STYLE = Automatic;
				INFOPLIST_FILE = WeatherApp/Info.plist;
				LD_RUNPATH_SEARCH_PATHS = (
					"$(inherited)",
					"@executable_path/Frameworks",
				);
				PRODUCT_BUNDLE_IDENTIFIER = test.WeatherApp;
				PRODUCT_NAME = "$(TARGET_NAME)";
				SWIFT_VERSION = 5.0;
				TARGETED_DEVICE_FAMILY = "1,2";
			};
			name = Debug;
		};
		8448C9C123DB6EC80047CA67 /* Release */ = {
			isa = XCBuildConfiguration;
			baseConfigurationReference = F999C13E3D48E872EC1A2A3C /* Pods-WeatherApp.release.xcconfig */;
			buildSettings = {
				ASSETCATALOG_COMPILER_APPICON_NAME = AppIcon;
				CODE_SIGN_STYLE = Automatic;
				INFOPLIST_FILE = WeatherApp/Info.plist;
				LD_RUNPATH_SEARCH_PATHS = (
					"$(inherited)",
					"@executable_path/Frameworks",
				);
				PRODUCT_BUNDLE_IDENTIFIER = test.WeatherApp;
				PRODUCT_NAME = "$(TARGET_NAME)";
				SWIFT_VERSION = 5.0;
				TARGETED_DEVICE_FAMILY = "1,2";
			};
			name = Release;
		};
		8448C9C323DB6EC80047CA67 /* Debug */ = {
			isa = XCBuildConfiguration;
			baseConfigurationReference = 91FC5C3AD86664FE30E65D2A /* Pods-WeatherAppTests.debug.xcconfig */;
			buildSettings = {
				ALWAYS_EMBED_SWIFT_STANDARD_LIBRARIES = YES;
				BUNDLE_LOADER = "$(TEST_HOST)";
				CODE_SIGN_STYLE = Automatic;
				INFOPLIST_FILE = WeatherAppTests/Info.plist;
				IPHONEOS_DEPLOYMENT_TARGET = 13.2;
				LD_RUNPATH_SEARCH_PATHS = (
					"$(inherited)",
					"@executable_path/Frameworks",
					"@loader_path/Frameworks",
				);
				PRODUCT_BUNDLE_IDENTIFIER = test.WeatherAppTests;
				PRODUCT_NAME = "$(TARGET_NAME)";
				SWIFT_VERSION = 5.0;
				TARGETED_DEVICE_FAMILY = "1,2";
				TEST_HOST = "$(BUILT_PRODUCTS_DIR)/WeatherApp.app/WeatherApp";
			};
			name = Debug;
		};
		8448C9C423DB6EC80047CA67 /* Release */ = {
			isa = XCBuildConfiguration;
			baseConfigurationReference = 435368DD1426FA1F8DC154BC /* Pods-WeatherAppTests.release.xcconfig */;
			buildSettings = {
				ALWAYS_EMBED_SWIFT_STANDARD_LIBRARIES = YES;
				BUNDLE_LOADER = "$(TEST_HOST)";
				CODE_SIGN_STYLE = Automatic;
				INFOPLIST_FILE = WeatherAppTests/Info.plist;
				IPHONEOS_DEPLOYMENT_TARGET = 13.2;
				LD_RUNPATH_SEARCH_PATHS = (
					"$(inherited)",
					"@executable_path/Frameworks",
					"@loader_path/Frameworks",
				);
				PRODUCT_BUNDLE_IDENTIFIER = test.WeatherAppTests;
				PRODUCT_NAME = "$(TARGET_NAME)";
				SWIFT_VERSION = 5.0;
				TARGETED_DEVICE_FAMILY = "1,2";
				TEST_HOST = "$(BUILT_PRODUCTS_DIR)/WeatherApp.app/WeatherApp";
			};
			name = Release;
		};
		8448C9C623DB6EC80047CA67 /* Debug */ = {
			isa = XCBuildConfiguration;
			baseConfigurationReference = 53AFCEEDC04FD694954E7E61 /* Pods-WeatherApp-WeatherAppUITests.debug.xcconfig */;
			buildSettings = {
				ALWAYS_EMBED_SWIFT_STANDARD_LIBRARIES = YES;
				CODE_SIGN_STYLE = Automatic;
				INFOPLIST_FILE = WeatherAppUITests/Info.plist;
				LD_RUNPATH_SEARCH_PATHS = (
					"$(inherited)",
					"@executable_path/Frameworks",
					"@loader_path/Frameworks",
				);
				PRODUCT_BUNDLE_IDENTIFIER = test.WeatherAppUITests;
				PRODUCT_NAME = "$(TARGET_NAME)";
				SWIFT_VERSION = 5.0;
				TARGETED_DEVICE_FAMILY = "1,2";
				TEST_TARGET_NAME = WeatherApp;
			};
			name = Debug;
		};
		8448C9C723DB6EC80047CA67 /* Release */ = {
			isa = XCBuildConfiguration;
			baseConfigurationReference = 5DD8514685751F932C5C9F3F /* Pods-WeatherApp-WeatherAppUITests.release.xcconfig */;
			buildSettings = {
				ALWAYS_EMBED_SWIFT_STANDARD_LIBRARIES = YES;
				CODE_SIGN_STYLE = Automatic;
				INFOPLIST_FILE = WeatherAppUITests/Info.plist;
				LD_RUNPATH_SEARCH_PATHS = (
					"$(inherited)",
					"@executable_path/Frameworks",
					"@loader_path/Frameworks",
				);
				PRODUCT_BUNDLE_IDENTIFIER = test.WeatherAppUITests;
				PRODUCT_NAME = "$(TARGET_NAME)";
				SWIFT_VERSION = 5.0;
				TARGETED_DEVICE_FAMILY = "1,2";
				TEST_TARGET_NAME = WeatherApp;
			};
			name = Release;
		};
/* End XCBuildConfiguration section */

/* Begin XCConfigurationList section */
		8448C98D23DB6EC60047CA67 /* Build configuration list for PBXProject "WeatherApp" */ = {
			isa = XCConfigurationList;
			buildConfigurations = (
				8448C9BD23DB6EC80047CA67 /* Debug */,
				8448C9BE23DB6EC80047CA67 /* Release */,
			);
			defaultConfigurationIsVisible = 0;
			defaultConfigurationName = Release;
		};
		8448C9BF23DB6EC80047CA67 /* Build configuration list for PBXNativeTarget "WeatherApp" */ = {
			isa = XCConfigurationList;
			buildConfigurations = (
				8448C9C023DB6EC80047CA67 /* Debug */,
				8448C9C123DB6EC80047CA67 /* Release */,
			);
			defaultConfigurationIsVisible = 0;
			defaultConfigurationName = Release;
		};
		8448C9C223DB6EC80047CA67 /* Build configuration list for PBXNativeTarget "WeatherAppTests" */ = {
			isa = XCConfigurationList;
			buildConfigurations = (
				8448C9C323DB6EC80047CA67 /* Debug */,
				8448C9C423DB6EC80047CA67 /* Release */,
			);
			defaultConfigurationIsVisible = 0;
			defaultConfigurationName = Release;
		};
		8448C9C523DB6EC80047CA67 /* Build configuration list for PBXNativeTarget "WeatherAppUITests" */ = {
			isa = XCConfigurationList;
			buildConfigurations = (
				8448C9C623DB6EC80047CA67 /* Debug */,
				8448C9C723DB6EC80047CA67 /* Release */,
			);
			defaultConfigurationIsVisible = 0;
			defaultConfigurationName = Release;
		};
/* End XCConfigurationList section */

/* Begin XCVersionGroup section */
		8448C99E23DB6EC60047CA67 /* WeatherApp.xcdatamodeld */ = {
			isa = XCVersionGroup;
			children = (
				8448C99F23DB6EC60047CA67 /* WeatherApp.xcdatamodel */,
			);
			currentVersion = 8448C99F23DB6EC60047CA67 /* WeatherApp.xcdatamodel */;
			path = WeatherApp.xcdatamodeld;
			sourceTree = "<group>";
			versionGroupType = wrapper.xcdatamodel;
		};
/* End XCVersionGroup section */
	};
	rootObject = 8448C98A23DB6EC60047CA67 /* Project object */;
}
